
Microsoft Visual Studio Solution File, Format Version 12.00
# Visual Studio 2013
VisualStudioVersion = 12.0.31101.0
MinimumVisualStudioVersion = 10.0.40219.1
Project("{2150E333-8FDC-42A3-9474-1A3956D46DE8}") = "Domain Layer", "Domain Layer", "{2D22A032-C0BA-4C5F-860C-493DAE6841A3}"
EndProject
Project("{2150E333-8FDC-42A3-9474-1A3956D46DE8}") = "Infrastrucure Layer", "Infrastrucure Layer", "{E02BF266-0836-45CD-B69A-3D38DE54BFA0}"
EndProject
Project("{2150E333-8FDC-42A3-9474-1A3956D46DE8}") = "Presentation Layer", "Presentation Layer", "{F902FB26-B111-4317-902E-AE8ADE3F5A75}"
EndProject
Project("{FAE04EC0-301F-11D3-BF4B-00C04F79EFBC}") = "SuiteEvents.Domain", "SuiteEvents.Domain\SuiteEvents.Domain.csproj", "{F4C7C927-20D7-4CB8-A0D8-AC2A3ED38563}"
EndProject
Project("{FAE04EC0-301F-11D3-BF4B-00C04F79EFBC}") = "SuiteEvents.Domain.Messages", "SuiteEvents.Domain.Messages\SuiteEvents.Domain.Messages.csproj", "{7418EA05-EF33-4BD4-9CED-B16510F5C0A5}"
EndProject
Project("{FAE04EC0-301F-11D3-BF4B-00C04F79EFBC}") = "SuiteEvents.Domain.Test", "SuiteEvents.Domain.Test\SuiteEvents.Domain.Test.csproj", "{0154F4C7-A104-41BE-BA98-87A1C647A980}"
EndProject
Project("{2150E333-8FDC-42A3-9474-1A3956D46DE8}") = "Wpf", "Wpf", "{096BEF34-B71C-4811-9DD4-EA18EF1F113A}"
EndProject
Project("{2150E333-8FDC-42A3-9474-1A3956D46DE8}") = "Configuration", "Configuration", "{7B194EFB-CA6A-483A-8C6B-980279790BEE}"
EndProject
Project("{FAE04EC0-301F-11D3-BF4B-00C04F79EFBC}") = "SuiteEvents.Configuration", "SuiteEvents.Configuration\SuiteEvents.Configuration.csproj", "{C6C983BD-E9E8-46A7-BBC9-53A5145AA8C5}"
EndProject
Project("{FAE04EC0-301F-11D3-BF4B-00C04F79EFBC}") = "SuiteEvents.Configuration.Test", "SuiteEvents.Configuration.Test\SuiteEvents.Configuration.Test.csproj", "{6086EED5-21C8-415A-996D-9EFA0B3C954F}"
EndProject
Project("{FAE04EC0-301F-11D3-BF4B-00C04F79EFBC}") = "SuiteEvents", "SuiteEvents\SuiteEvents.csproj", "{C250929C-EAB3-4E83-946B-5A351DDCE178}"
EndProject
Project("{2150E333-8FDC-42A3-9474-1A3956D46DE8}") = "Common", "Common", "{BC514AFE-D61B-420F-AA4E-73E5E1F6269E}"
EndProject
Project("{2150E333-8FDC-42A3-9474-1A3956D46DE8}") = "Modules", "Modules", "{ACB383FB-DD09-4F25-B87E-AB9B99EB4065}"
EndProject
Project("{FAE04EC0-301F-11D3-BF4B-00C04F79EFBC}") = "SuiteEvents.Modules.MainMenu", "SuiteEvents.Modules.MainMenu\SuiteEvents.Modules.MainMenu.csproj", "{63DBC1D0-BF5C-4356-8030-3A09F824129C}"
EndProject
Project("{FAE04EC0-301F-11D3-BF4B-00C04F79EFBC}") = "SuiteEvents.Modules.ModuloUtenti", "SuiteEvents.Modules.ModuloUtenti\SuiteEvents.Modules.ModuloUtenti.csproj", "{EB3B14DE-F7EC-46B4-8B79-0EFDEEF225CC}"
EndProject
Project("{FAE04EC0-301F-11D3-BF4B-00C04F79EFBC}") = "SuiteEvents.Common.Infrastructures", "SuiteEvents.Common.Infrastructures\SuiteEvents.Common.Infrastructures.csproj", "{B8DC68E6-8015-4EA6-852F-9E0857FF6A3A}"
EndProject
Project("{FAE04EC0-301F-11D3-BF4B-00C04F79EFBC}") = "SuiteEvents.Common.Resources", "SuiteEvents.Common.Resources\SuiteEvents.Common.Resources.csproj", "{20377D69-1C42-488B-AD21-502813A91513}"
EndProject
Project("{FAE04EC0-301F-11D3-BF4B-00C04F79EFBC}") = "SuiteEvents.Common.UI", "SuiteEvents.Common.UI\SuiteEvents.Common.UI.csproj", "{6885DFB2-0E4D-43D5-8721-0F7A674E8732}"
EndProject
Project("{FAE04EC0-301F-11D3-BF4B-00C04F79EFBC}") = "SuiteEvents.Domain.Resources", "SuiteEvents.Domain.Resources\SuiteEvents.Domain.Resources.csproj", "{5D77D7F0-1D7E-4E04-846B-F6B2A09B8CD4}"
EndProject
Project("{2150E333-8FDC-42A3-9474-1A3956D46DE8}") = "ReadModel Layer", "ReadModel Layer", "{709AF054-9607-460B-B39A-2E8AF1EBB73C}"
EndProject
Project("{FAE04EC0-301F-11D3-BF4B-00C04F79EFBC}") = "SuiteEvents.ReadModel", "SuiteEvents.ReadModel\SuiteEvents.ReadModel.csproj", "{07EC93DC-6854-4B49-B549-ABB36FE8D130}"
EndProject
Project("{FAE04EC0-301F-11D3-BF4B-00C04F79EFBC}") = "SuiteEvents.ReadModel.Services", "SuiteEvents.ReadModel.Services\SuiteEvents.ReadModel.Services.csproj", "{43D42C45-78E9-49AB-BACC-60FB6835950D}"
EndProject
Project("{2150E333-8FDC-42A3-9474-1A3956D46DE8}") = "ReadModel", "ReadModel", "{39D92531-58EF-49E9-8C1C-18657771972E}"
EndProject
Project("{2150E333-8FDC-42A3-9474-1A3956D46DE8}") = "Persistence", "Persistence", "{D2EB2882-C70D-4803-B3C0-F9FFA8B94653}"
EndProject
Project("{FAE04EC0-301F-11D3-BF4B-00C04F79EFBC}") = "SuiteEvents.ReadModel.EntityFramework", "SuiteEvents.ReadModel.EntityFramework\SuiteEvents.ReadModel.EntityFramework.csproj", "{E14BF247-A40B-4E1B-93EA-5AD181F77862}"
EndProject
Project("{FAE04EC0-301F-11D3-BF4B-00C04F79EFBC}") = "SuiteEvents.Domain.Infrastructures", "SuiteEvents.Domain.Infrastructures\SuiteEvents.Domain.Infrastructures.csproj", "{25925065-8777-48FD-B5EC-92B5EA558450}"
EndProject
Project("{2150E333-8FDC-42A3-9474-1A3956D46DE8}") = "Services", "Services", "{A22725A7-3300-43E5-ADE2-3D10C6B440AA}"
EndProject
Project("{FAE04EC0-301F-11D3-BF4B-00C04F79EFBC}") = "SuiteEvents.Providers", "SuiteEvents.Services\SuiteEvents.Providers.csproj", "{542CFC00-D783-42B5-B1E4-C460E3C93C9D}"
EndProject
Global
	GlobalSection(SolutionConfigurationPlatforms) = preSolution
		Debug|Any CPU = Debug|Any CPU
		Release|Any CPU = Release|Any CPU
	EndGlobalSection
	GlobalSection(ProjectConfigurationPlatforms) = postSolution
		{F4C7C927-20D7-4CB8-A0D8-AC2A3ED38563}.Debug|Any CPU.ActiveCfg = Debug|Any CPU
		{F4C7C927-20D7-4CB8-A0D8-AC2A3ED38563}.Debug|Any CPU.Build.0 = Debug|Any CPU
		{F4C7C927-20D7-4CB8-A0D8-AC2A3ED38563}.Release|Any CPU.ActiveCfg = Release|Any CPU
		{F4C7C927-20D7-4CB8-A0D8-AC2A3ED38563}.Release|Any CPU.Build.0 = Release|Any CPU
		{7418EA05-EF33-4BD4-9CED-B16510F5C0A5}.Debug|Any CPU.ActiveCfg = Debug|Any CPU
		{7418EA05-EF33-4BD4-9CED-B16510F5C0A5}.Debug|Any CPU.Build.0 = Debug|Any CPU
		{7418EA05-EF33-4BD4-9CED-B16510F5C0A5}.Release|Any CPU.ActiveCfg = Release|Any CPU
		{7418EA05-EF33-4BD4-9CED-B16510F5C0A5}.Release|Any CPU.Build.0 = Release|Any CPU
		{0154F4C7-A104-41BE-BA98-87A1C647A980}.Debug|Any CPU.ActiveCfg = Debug|Any CPU
		{0154F4C7-A104-41BE-BA98-87A1C647A980}.Debug|Any CPU.Build.0 = Debug|Any CPU
		{0154F4C7-A104-41BE-BA98-87A1C647A980}.Release|Any CPU.ActiveCfg = Release|Any CPU
		{0154F4C7-A104-41BE-BA98-87A1C647A980}.Release|Any CPU.Build.0 = Release|Any CPU
		{C6C983BD-E9E8-46A7-BBC9-53A5145AA8C5}.Debug|Any CPU.ActiveCfg = Debug|Any CPU
		{C6C983BD-E9E8-46A7-BBC9-53A5145AA8C5}.Debug|Any CPU.Build.0 = Debug|Any CPU
		{C6C983BD-E9E8-46A7-BBC9-53A5145AA8C5}.Release|Any CPU.ActiveCfg = Release|Any CPU
		{C6C983BD-E9E8-46A7-BBC9-53A5145AA8C5}.Release|Any CPU.Build.0 = Release|Any CPU
		{6086EED5-21C8-415A-996D-9EFA0B3C954F}.Debug|Any CPU.ActiveCfg = Debug|Any CPU
		{6086EED5-21C8-415A-996D-9EFA0B3C954F}.Debug|Any CPU.Build.0 = Debug|Any CPU
		{6086EED5-21C8-415A-996D-9EFA0B3C954F}.Release|Any CPU.ActiveCfg = Release|Any CPU
		{6086EED5-21C8-415A-996D-9EFA0B3C954F}.Release|Any CPU.Build.0 = Release|Any CPU
		{C250929C-EAB3-4E83-946B-5A351DDCE178}.Debug|Any CPU.ActiveCfg = Debug|Any CPU
		{C250929C-EAB3-4E83-946B-5A351DDCE178}.Debug|Any CPU.Build.0 = Debug|Any CPU
		{C250929C-EAB3-4E83-946B-5A351DDCE178}.Release|Any CPU.ActiveCfg = Release|Any CPU
		{C250929C-EAB3-4E83-946B-5A351DDCE178}.Release|Any CPU.Build.0 = Release|Any CPU
		{63DBC1D0-BF5C-4356-8030-3A09F824129C}.Debug|Any CPU.ActiveCfg = Debug|Any CPU
		{63DBC1D0-BF5C-4356-8030-3A09F824129C}.Debug|Any CPU.Build.0 = Debug|Any CPU
		{63DBC1D0-BF5C-4356-8030-3A09F824129C}.Release|Any CPU.ActiveCfg = Release|Any CPU
		{63DBC1D0-BF5C-4356-8030-3A09F824129C}.Release|Any CPU.Build.0 = Release|Any CPU
		{EB3B14DE-F7EC-46B4-8B79-0EFDEEF225CC}.Debug|Any CPU.ActiveCfg = Debug|Any CPU
		{EB3B14DE-F7EC-46B4-8B79-0EFDEEF225CC}.Debug|Any CPU.Build.0 = Debug|Any CPU
		{EB3B14DE-F7EC-46B4-8B79-0EFDEEF225CC}.Release|Any CPU.ActiveCfg = Release|Any CPU
		{EB3B14DE-F7EC-46B4-8B79-0EFDEEF225CC}.Release|Any CPU.Build.0 = Release|Any CPU
		{B8DC68E6-8015-4EA6-852F-9E0857FF6A3A}.Debug|Any CPU.ActiveCfg = Debug|Any CPU
		{B8DC68E6-8015-4EA6-852F-9E0857FF6A3A}.Debug|Any CPU.Build.0 = Debug|Any CPU
		{B8DC68E6-8015-4EA6-852F-9E0857FF6A3A}.Release|Any CPU.ActiveCfg = Release|Any CPU
		{B8DC68E6-8015-4EA6-852F-9E0857FF6A3A}.Release|Any CPU.Build.0 = Release|Any CPU
		{20377D69-1C42-488B-AD21-502813A91513}.Debug|Any CPU.ActiveCfg = Debug|Any CPU
		{20377D69-1C42-488B-AD21-502813A91513}.Debug|Any CPU.Build.0 = Debug|Any CPU
		{20377D69-1C42-488B-AD21-502813A91513}.Release|Any CPU.ActiveCfg = Release|Any CPU
		{20377D69-1C42-488B-AD21-502813A91513}.Release|Any CPU.Build.0 = Release|Any CPU
		{6885DFB2-0E4D-43D5-8721-0F7A674E8732}.Debug|Any CPU.ActiveCfg = Debug|Any CPU
		{6885DFB2-0E4D-43D5-8721-0F7A674E8732}.Debug|Any CPU.Build.0 = Debug|Any CPU
		{6885DFB2-0E4D-43D5-8721-0F7A674E8732}.Release|Any CPU.ActiveCfg = Release|Any CPU
		{6885DFB2-0E4D-43D5-8721-0F7A674E8732}.Release|Any CPU.Build.0 = Release|Any CPU
		{5D77D7F0-1D7E-4E04-846B-F6B2A09B8CD4}.Debug|Any CPU.ActiveCfg = Debug|Any CPU
		{5D77D7F0-1D7E-4E04-846B-F6B2A09B8CD4}.Debug|Any CPU.Build.0 = Debug|Any CPU
		{5D77D7F0-1D7E-4E04-846B-F6B2A09B8CD4}.Release|Any CPU.ActiveCfg = Release|Any CPU
		{5D77D7F0-1D7E-4E04-846B-F6B2A09B8CD4}.Release|Any CPU.Build.0 = Release|Any CPU
		{07EC93DC-6854-4B49-B549-ABB36FE8D130}.Debug|Any CPU.ActiveCfg = Debug|Any CPU
		{07EC93DC-6854-4B49-B549-ABB36FE8D130}.Debug|Any CPU.Build.0 = Debug|Any CPU
		{07EC93DC-6854-4B49-B549-ABB36FE8D130}.Release|Any CPU.ActiveCfg = Release|Any CPU
		{07EC93DC-6854-4B49-B549-ABB36FE8D130}.Release|Any CPU.Build.0 = Release|Any CPU
		{43D42C45-78E9-49AB-BACC-60FB6835950D}.Debug|Any CPU.ActiveCfg = Debug|Any CPU
		{43D42C45-78E9-49AB-BACC-60FB6835950D}.Debug|Any CPU.Build.0 = Debug|Any CPU
		{43D42C45-78E9-49AB-BACC-60FB6835950D}.Release|Any CPU.ActiveCfg = Release|Any CPU
		{43D42C45-78E9-49AB-BACC-60FB6835950D}.Release|Any CPU.Build.0 = Release|Any CPU
		{E14BF247-A40B-4E1B-93EA-5AD181F77862}.Debug|Any CPU.ActiveCfg = Debug|Any CPU
		{E14BF247-A40B-4E1B-93EA-5AD181F77862}.Debug|Any CPU.Build.0 = Debug|Any CPU
		{E14BF247-A40B-4E1B-93EA-5AD181F77862}.Release|Any CPU.ActiveCfg = Release|Any CPU
		{E14BF247-A40B-4E1B-93EA-5AD181F77862}.Release|Any CPU.Build.0 = Release|Any CPU
		{25925065-8777-48FD-B5EC-92B5EA558450}.Debug|Any CPU.ActiveCfg = Debug|Any CPU
		{25925065-8777-48FD-B5EC-92B5EA558450}.Debug|Any CPU.Build.0 = Debug|Any CPU
		{25925065-8777-48FD-B5EC-92B5EA558450}.Release|Any CPU.ActiveCfg = Release|Any CPU
		{25925065-8777-48FD-B5EC-92B5EA558450}.Release|Any CPU.Build.0 = Release|Any CPU
		{542CFC00-D783-42B5-B1E4-C460E3C93C9D}.Debug|Any CPU.ActiveCfg = Debug|Any CPU
		{542CFC00-D783-42B5-B1E4-C460E3C93C9D}.Debug|Any CPU.Build.0 = Debug|Any CPU
		{542CFC00-D783-42B5-B1E4-C460E3C93C9D}.Release|Any CPU.ActiveCfg = Release|Any CPU
		{542CFC00-D783-42B5-B1E4-C460E3C93C9D}.Release|Any CPU.Build.0 = Release|Any CPU
	EndGlobalSection
	GlobalSection(SolutionProperties) = preSolution
		HideSolutionNode = FALSE
	EndGlobalSection
	GlobalSection(NestedProjects) = preSolution
		{F4C7C927-20D7-4CB8-A0D8-AC2A3ED38563} = {2D22A032-C0BA-4C5F-860C-493DAE6841A3}
		{7418EA05-EF33-4BD4-9CED-B16510F5C0A5} = {2D22A032-C0BA-4C5F-860C-493DAE6841A3}
		{0154F4C7-A104-41BE-BA98-87A1C647A980} = {2D22A032-C0BA-4C5F-860C-493DAE6841A3}
		{096BEF34-B71C-4811-9DD4-EA18EF1F113A} = {F902FB26-B111-4317-902E-AE8ADE3F5A75}
		{7B194EFB-CA6A-483A-8C6B-980279790BEE} = {E02BF266-0836-45CD-B69A-3D38DE54BFA0}
		{C6C983BD-E9E8-46A7-BBC9-53A5145AA8C5} = {7B194EFB-CA6A-483A-8C6B-980279790BEE}
		{6086EED5-21C8-415A-996D-9EFA0B3C954F} = {7B194EFB-CA6A-483A-8C6B-980279790BEE}
		{C250929C-EAB3-4E83-946B-5A351DDCE178} = {096BEF34-B71C-4811-9DD4-EA18EF1F113A}
		{BC514AFE-D61B-420F-AA4E-73E5E1F6269E} = {E02BF266-0836-45CD-B69A-3D38DE54BFA0}
		{ACB383FB-DD09-4F25-B87E-AB9B99EB4065} = {096BEF34-B71C-4811-9DD4-EA18EF1F113A}
		{63DBC1D0-BF5C-4356-8030-3A09F824129C} = {ACB383FB-DD09-4F25-B87E-AB9B99EB4065}
		{EB3B14DE-F7EC-46B4-8B79-0EFDEEF225CC} = {ACB383FB-DD09-4F25-B87E-AB9B99EB4065}
		{B8DC68E6-8015-4EA6-852F-9E0857FF6A3A} = {BC514AFE-D61B-420F-AA4E-73E5E1F6269E}
		{20377D69-1C42-488B-AD21-502813A91513} = {BC514AFE-D61B-420F-AA4E-73E5E1F6269E}
		{6885DFB2-0E4D-43D5-8721-0F7A674E8732} = {BC514AFE-D61B-420F-AA4E-73E5E1F6269E}
		{5D77D7F0-1D7E-4E04-846B-F6B2A09B8CD4} = {2D22A032-C0BA-4C5F-860C-493DAE6841A3}
		{07EC93DC-6854-4B49-B549-ABB36FE8D130} = {39D92531-58EF-49E9-8C1C-18657771972E}
		{43D42C45-78E9-49AB-BACC-60FB6835950D} = {39D92531-58EF-49E9-8C1C-18657771972E}
		{39D92531-58EF-49E9-8C1C-18657771972E} = {709AF054-9607-460B-B39A-2E8AF1EBB73C}
		{D2EB2882-C70D-4803-B3C0-F9FFA8B94653} = {709AF054-9607-460B-B39A-2E8AF1EBB73C}
		{E14BF247-A40B-4E1B-93EA-5AD181F77862} = {39D92531-58EF-49E9-8C1C-18657771972E}
		{25925065-8777-48FD-B5EC-92B5EA558450} = {2D22A032-C0BA-4C5F-860C-493DAE6841A3}
		{A22725A7-3300-43E5-ADE2-3D10C6B440AA} = {E02BF266-0836-45CD-B69A-3D38DE54BFA0}
		{542CFC00-D783-42B5-B1E4-C460E3C93C9D} = {A22725A7-3300-43E5-ADE2-3D10C6B440AA}
	EndGlobalSection
EndGlobal
